// !$*UTF8*$!
{
	archiveVersion = 1;
	classes = {
	};
	objectVersion = 50;
	objects = {

/* Begin PBXBuildFile section */
		7BFB586B210A95060082042B /* Assets.xcassets in Resources */ = {isa = PBXBuildFile; fileRef = 7BFB586A210A95060082042B /* Assets.xcassets */; };
		7BFB5882210A95360082042B /* File Generator Ext.appex in Embed App Extensions */ = {isa = PBXBuildFile; fileRef = 7BFB587A210A95360082042B /* File Generator Ext.appex */; settings = {ATTRIBUTES = (RemoveHeadersOnCopy, ); }; };
		7BFB588E210A957F0082042B /* AppDelegate.swift in Sources */ = {isa = PBXBuildFile; fileRef = 7BFB5888210A957F0082042B /* AppDelegate.swift */; };
		7BFB588F210A957F0082042B /* ViewController.swift in Sources */ = {isa = PBXBuildFile; fileRef = 7BFB5889210A957F0082042B /* ViewController.swift */; };
		7BFB5890210A957F0082042B /* Main.storyboard in Resources */ = {isa = PBXBuildFile; fileRef = 7BFB588A210A957F0082042B /* Main.storyboard */; };
		7BFB5891210A957F0082042B /* ScreenShot.png in Resources */ = {isa = PBXBuildFile; fileRef = 7BFB588C210A957F0082042B /* ScreenShot.png */; };
		7BFB5896210A95940082042B /* FinderSync.swift in Sources */ = {isa = PBXBuildFile; fileRef = 7BFB5894210A95940082042B /* FinderSync.swift */; };
/* End PBXBuildFile section */

/* Begin PBXContainerItemProxy section */
		7BFB5880210A95360082042B /* PBXContainerItemProxy */ = {
			isa = PBXContainerItemProxy;
			containerPortal = 7BFB585B210A94FB0082042B /* Project object */;
			proxyType = 1;
			remoteGlobalIDString = 7BFB5879210A95360082042B;
			remoteInfo = "File Generator Ext";
		};
/* End PBXContainerItemProxy section */

/* Begin PBXCopyFilesBuildPhase section */
		7BFB5886210A95360082042B /* Embed App Extensions */ = {
			isa = PBXCopyFilesBuildPhase;
			buildActionMask = 2147483647;
			dstPath = "";
			dstSubfolderSpec = 13;
			files = (
				7BFB5882210A95360082042B /* File Generator Ext.appex in Embed App Extensions */,
			);
			name = "Embed App Extensions";
			runOnlyForDeploymentPostprocessing = 0;
		};
/* End PBXCopyFilesBuildPhase section */

/* Begin PBXFileReference section */
		7BFB5863210A94FB0082042B /* File Generator.app */ = {isa = PBXFileReference; explicitFileType = wrapper.application; includeInIndex = 0; path = "File Generator.app"; sourceTree = BUILT_PRODUCTS_DIR; };
		7BFB586A210A95060082042B /* Assets.xcassets */ = {isa = PBXFileReference; lastKnownFileType = folder.assetcatalog; path = Assets.xcassets; sourceTree = "<group>"; };
		7BFB587A210A95360082042B /* File Generator Ext.appex */ = {isa = PBXFileReference; explicitFileType = "wrapper.app-extension"; includeInIndex = 0; path = "File Generator Ext.appex"; sourceTree = BUILT_PRODUCTS_DIR; };
		7BFB5887210A957F0082042B /* Info.plist */ = {isa = PBXFileReference; fileEncoding = 4; lastKnownFileType = text.plist.xml; path = Info.plist; sourceTree = "<group>"; };
		7BFB5888210A957F0082042B /* AppDelegate.swift */ = {isa = PBXFileReference; fileEncoding = 4; lastKnownFileType = sourcecode.swift; path = AppDelegate.swift; sourceTree = "<group>"; };
		7BFB5889210A957F0082042B /* ViewController.swift */ = {isa = PBXFileReference; fileEncoding = 4; lastKnownFileType = sourcecode.swift; path = ViewController.swift; sourceTree = "<group>"; };
		7BFB588A210A957F0082042B /* Main.storyboard */ = {isa = PBXFileReference; fileEncoding = 4; lastKnownFileType = file.storyboard; path = Main.storyboard; sourceTree = "<group>"; };
		7BFB588B210A957F0082042B /* File_Generator.entitlements */ = {isa = PBXFileReference; fileEncoding = 4; lastKnownFileType = text.plist.entitlements; path = File_Generator.entitlements; sourceTree = "<group>"; };
		7BFB588C210A957F0082042B /* ScreenShot.png */ = {isa = PBXFileReference; lastKnownFileType = image.png; path = ScreenShot.png; sourceTree = "<group>"; };
		7BFB5892210A95940082042B /* Info.plist */ = {isa = PBXFileReference; fileEncoding = 4; lastKnownFileType = text.plist.xml; path = Info.plist; sourceTree = "<group>"; };
		7BFB5893210A95940082042B /* File_Generator_Ext.entitlements */ = {isa = PBXFileReference; fileEncoding = 4; lastKnownFileType = text.plist.entitlements; path = File_Generator_Ext.entitlements; sourceTree = "<group>"; };
		7BFB5894210A95940082042B /* FinderSync.swift */ = {isa = PBXFileReference; fileEncoding = 4; lastKnownFileType = sourcecode.swift; path = FinderSync.swift; sourceTree = "<group>"; };
/* End PBXFileReference section */

/* Begin PBXFrameworksBuildPhase section */
		7BFB5860210A94FB0082042B /* Frameworks */ = {
			isa = PBXFrameworksBuildPhase;
			buildActionMask = 2147483647;
			files = (
			);
			runOnlyForDeploymentPostprocessing = 0;
		};
		7BFB5877210A95360082042B /* Frameworks */ = {
			isa = PBXFrameworksBuildPhase;
			buildActionMask = 2147483647;
			files = (
			);
			runOnlyForDeploymentPostprocessing = 0;
		};
/* End PBXFrameworksBuildPhase section */

/* Begin PBXGroup section */
		7BFB585A210A94FB0082042B = {
			isa = PBXGroup;
			children = (
				7BFB5865210A94FB0082042B /* File Generator */,
				7BFB587B210A95360082042B /* File Generator Ext */,
				7BFB5864210A94FB0082042B /* Products */,
			);
			sourceTree = "<group>";
		};
		7BFB5864210A94FB0082042B /* Products */ = {
			isa = PBXGroup;
			children = (
				7BFB5863210A94FB0082042B /* File Generator.app */,
				7BFB587A210A95360082042B /* File Generator Ext.appex */,
			);
			name = Products;
			sourceTree = "<group>";
		};
		7BFB5865210A94FB0082042B /* File Generator */ = {
			isa = PBXGroup;
			children = (
				7BFB5888210A957F0082042B /* AppDelegate.swift */,
				7BFB588B210A957F0082042B /* File_Generator.entitlements */,
				7BFB5887210A957F0082042B /* Info.plist */,
				7BFB588A210A957F0082042B /* Main.storyboard */,
				7BFB588C210A957F0082042B /* ScreenShot.png */,
				7BFB5889210A957F0082042B /* ViewController.swift */,
				7BFB586A210A95060082042B /* Assets.xcassets */,
			);
			path = "File Generator";
			sourceTree = "<group>";
		};
		7BFB587B210A95360082042B /* File Generator Ext */ = {
			isa = PBXGroup;
			children = (
				7BFB5893210A95940082042B /* File_Generator_Ext.entitlements */,
				7BFB5894210A95940082042B /* FinderSync.swift */,
				7BFB5892210A95940082042B /* Info.plist */,
			);
			path = "File Generator Ext";
			sourceTree = "<group>";
		};
/* End PBXGroup section */

/* Begin PBXNativeTarget section */
		7BFB5862210A94FB0082042B /* File Generator */ = {
			isa = PBXNativeTarget;
			buildConfigurationList = 7BFB5873210A95060082042B /* Build configuration list for PBXNativeTarget "File Generator" */;
			buildPhases = (
				7BFB585F210A94FB0082042B /* Sources */,
				7BFB5860210A94FB0082042B /* Frameworks */,
				7BFB5861210A94FB0082042B /* Resources */,
				7BFB5886210A95360082042B /* Embed App Extensions */,
			);
			buildRules = (
			);
			dependencies = (
				7BFB5881210A95360082042B /* PBXTargetDependency */,
			);
			name = "File Generator";
			productName = "File Generator";
			productReference = 7BFB5863210A94FB0082042B /* File Generator.app */;
			productType = "com.apple.product-type.application";
		};
		7BFB5879210A95360082042B /* File Generator Ext */ = {
			isa = PBXNativeTarget;
			buildConfigurationList = 7BFB5883210A95360082042B /* Build configuration list for PBXNativeTarget "File Generator Ext" */;
			buildPhases = (
				7BFB5876210A95360082042B /* Sources */,
				7BFB5877210A95360082042B /* Frameworks */,
				7BFB5878210A95360082042B /* Resources */,
			);
			buildRules = (
			);
			dependencies = (
			);
			name = "File Generator Ext";
			productName = "File Generator Ext";
			productReference = 7BFB587A210A95360082042B /* File Generator Ext.appex */;
			productType = "com.apple.product-type.app-extension";
		};
/* End PBXNativeTarget section */

/* Begin PBXProject section */
		7BFB585B210A94FB0082042B /* Project object */ = {
			isa = PBXProject;
			attributes = {
				LastSwiftUpdateCheck = 0940;
				LastUpgradeCheck = 0940;
				ORGANIZATIONNAME = Team;
				TargetAttributes = {
					7BFB5862210A94FB0082042B = {
						CreatedOnToolsVersion = 9.4;
						LastSwiftMigration = 0940;
					};
					7BFB5879210A95360082042B = {
						CreatedOnToolsVersion = 9.4;
						LastSwiftMigration = 0940;
					};
				};
			};
			buildConfigurationList = 7BFB585E210A94FB0082042B /* Build configuration list for PBXProject "File Generator" */;
			compatibilityVersion = "Xcode 9.3";
			developmentRegion = en;
			hasScannedForEncodings = 0;
			knownRegions = (
				en,
				Base,
			);
			mainGroup = 7BFB585A210A94FB0082042B;
			productRefGroup = 7BFB5864210A94FB0082042B /* Products */;
			projectDirPath = "";
			projectRoot = "";
			targets = (
				7BFB5862210A94FB0082042B /* File Generator */,
				7BFB5879210A95360082042B /* File Generator Ext */,
			);
		};
/* End PBXProject section */

/* Begin PBXResourcesBuildPhase section */
		7BFB5861210A94FB0082042B /* Resources */ = {
			isa = PBXResourcesBuildPhase;
			buildActionMask = 2147483647;
			files = (
				7BFB5890210A957F0082042B /* Main.storyboard in Resources */,
				7BFB586B210A95060082042B /* Assets.xcassets in Resources */,
				7BFB5891210A957F0082042B /* ScreenShot.png in Resources */,
			);
			runOnlyForDeploymentPostprocessing = 0;
		};
		7BFB5878210A95360082042B /* Resources */ = {
			isa = PBXResourcesBuildPhase;
			buildActionMask = 2147483647;
			files = (
			);
			runOnlyForDeploymentPostprocessing = 0;
		};
/* End PBXResourcesBuildPhase section */

/* Begin PBXSourcesBuildPhase section */
		7BFB585F210A94FB0082042B /* Sources */ = {
			isa = PBXSourcesBuildPhase;
			buildActionMask = 2147483647;
			files = (
				7BFB588F210A957F0082042B /* ViewController.swift in Sources */,
				7BFB588E210A957F0082042B /* AppDelegate.swift in Sources */,
			);
			runOnlyForDeploymentPostprocessing = 0;
		};
		7BFB5876210A95360082042B /* Sources */ = {
			isa = PBXSourcesBuildPhase;
			buildActionMask = 2147483647;
			files = (
				7BFB5896210A95940082042B /* FinderSync.swift in Sources */,
			);
			runOnlyForDeploymentPostprocessing = 0;
		};
/* End PBXSourcesBuildPhase section */

/* Begin PBXTargetDependency section */
		7BFB5881210A95360082042B /* PBXTargetDependency */ = {
			isa = PBXTargetDependency;
			target = 7BFB5879210A95360082042B /* File Generator Ext */;
			targetProxy = 7BFB5880210A95360082042B /* PBXContainerItemProxy */;
		};
/* End PBXTargetDependency section */

/* Begin XCBuildConfiguration section */
		7BFB5871210A95060082042B /* Debug */ = {
			isa = XCBuildConfiguration;
			buildSettings = {
				ALWAYS_SEARCH_USER_PATHS = NO;
				CLANG_ANALYZER_NONNULL = YES;
				CLANG_ANALYZER_NUMBER_OBJECT_CONVERSION = YES_AGGRESSIVE;
				CLANG_CXX_LANGUAGE_STANDARD = "gnu++14";
				CLANG_CXX_LIBRARY = "libc++";
				CLANG_ENABLE_MODULES = YES;
				CLANG_ENABLE_OBJC_ARC = YES;
				CLANG_ENABLE_OBJC_WEAK = YES;
				CLANG_WARN_BLOCK_CAPTURE_AUTORELEASING = YES;
				CLANG_WARN_BOOL_CONVERSION = YES;
				CLANG_WARN_COMMA = YES;
				CLANG_WARN_CONSTANT_CONVERSION = YES;
				CLANG_WARN_DEPRECATED_OBJC_IMPLEMENTATIONS = YES;
				CLANG_WARN_DIRECT_OBJC_ISA_USAGE = YES_ERROR;
				CLANG_WARN_DOCUMENTATION_COMMENTS = YES;
				CLANG_WARN_EMPTY_BODY = YES;
				CLANG_WARN_ENUM_CONVERSION = YES;
				CLANG_WARN_INFINITE_RECURSION = YES;
				CLANG_WARN_INT_CONVERSION = YES;
				CLANG_WARN_NON_LITERAL_NULL_CONVERSION = YES;
				CLANG_WARN_OBJC_IMPLICIT_RETAIN_SELF = YES;
				CLANG_WARN_OBJC_LITERAL_CONVERSION = YES;
				CLANG_WARN_OBJC_ROOT_CLASS = YES_ERROR;
				CLANG_WARN_RANGE_LOOP_ANALYSIS = YES;
				CLANG_WARN_STRICT_PROTOTYPES = YES;
				CLANG_WARN_SUSPICIOUS_MOVE = YES;
				CLANG_WARN_UNGUARDED_AVAILABILITY = YES_AGGRESSIVE;
				CLANG_WARN_UNREACHABLE_CODE = YES;
				CLANG_WARN__DUPLICATE_METHOD_MATCH = YES;
				CODE_SIGN_IDENTITY = "-";
				COPY_PHASE_STRIP = NO;
				DEBUG_INFORMATION_FORMAT = dwarf;
				ENABLE_STRICT_OBJC_MSGSEND = YES;
				ENABLE_TESTABILITY = YES;
				GCC_C_LANGUAGE_STANDARD = gnu11;
				GCC_DYNAMIC_NO_PIC = NO;
				GCC_NO_COMMON_BLOCKS = YES;
				GCC_OPTIMIZATION_LEVEL = 0;
				GCC_PREPROCESSOR_DEFINITIONS = (
					"DEBUG=1",
					"$(inherited)",
				);
				GCC_WARN_64_TO_32_BIT_CONVERSION = YES;
				GCC_WARN_ABOUT_RETURN_TYPE = YES_ERROR;
				GCC_WARN_UNDECLARED_SELECTOR = YES;
				GCC_WARN_UNINITIALIZED_AUTOS = YES_AGGRESSIVE;
				GCC_WARN_UNUSED_FUNCTION = YES;
				GCC_WARN_UNUSED_VARIABLE = YES;
				MACOSX_DEPLOYMENT_TARGET = 10.13;
				MTL_ENABLE_DEBUG_INFO = YES;
				ONLY_ACTIVE_ARCH = YES;
				SDKROOT = macosx;
				SWIFT_ACTIVE_COMPILATION_CONDITIONS = DEBUG;
				SWIFT_OPTIMIZATION_LEVEL = "-Onone";
			};
			name = Debug;
		};
		7BFB5872210A95060082042B /* Release */ = {
			isa = XCBuildConfiguration;
			buildSettings = {
				ALWAYS_SEARCH_USER_PATHS = NO;
				CLANG_ANALYZER_NONNULL = YES;
				CLANG_ANALYZER_NUMBER_OBJECT_CONVERSION = YES_AGGRESSIVE;
				CLANG_CXX_LANGUAGE_STANDARD = "gnu++14";
				CLANG_CXX_LIBRARY = "libc++";
				CLANG_ENABLE_MODULES = YES;
				CLANG_ENABLE_OBJC_ARC = YES;
				CLANG_ENABLE_OBJC_WEAK = YES;
				CLANG_WARN_BLOCK_CAPTURE_AUTORELEASING = YES;
				CLANG_WARN_BOOL_CONVERSION = YES;
				CLANG_WARN_COMMA = YES;
				CLANG_WARN_CONSTANT_CONVERSION = YES;
				CLANG_WARN_DEPRECATED_OBJC_IMPLEMENTATIONS = YES;
				CLANG_WARN_DIRECT_OBJC_ISA_USAGE = YES_ERROR;
				CLANG_WARN_DOCUMENTATION_COMMENTS = YES;
				CLANG_WARN_EMPTY_BODY = YES;
				CLANG_WARN_ENUM_CONVERSION = YES;
				CLANG_WARN_INFINITE_RECURSION = YES;
				CLANG_WARN_INT_CONVERSION = YES;
				CLANG_WARN_NON_LITERAL_NULL_CONVERSION = YES;
				CLANG_WARN_OBJC_IMPLICIT_RETAIN_SELF = YES;
				CLANG_WARN_OBJC_LITERAL_CONVERSION = YES;
				CLANG_WARN_OBJC_ROOT_CLASS = YES_ERROR;
				CLANG_WARN_RANGE_LOOP_ANALYSIS = YES;
				CLANG_WARN_STRICT_PROTOTYPES = YES;
				CLANG_WARN_SUSPICIOUS_MOVE = YES;
				CLANG_WARN_UNGUARDED_AVAILABILITY = YES_AGGRESSIVE;
				CLANG_WARN_UNREACHABLE_CODE = YES;
				CLANG_WARN__DUPLICATE_METHOD_MATCH = YES;
				CODE_SIGN_IDENTITY = "-";
				COPY_PHASE_STRIP = NO;
				DEBUG_INFORMATION_FORMAT = "dwarf-with-dsym";
				ENABLE_NS_ASSERTIONS = NO;
				ENABLE_STRICT_OBJC_MSGSEND = YES;
				GCC_C_LANGUAGE_STANDARD = gnu11;
				GCC_NO_COMMON_BLOCKS = YES;
				GCC_WARN_64_TO_32_BIT_CONVERSION = YES;
				GCC_WARN_ABOUT_RETURN_TYPE = YES_ERROR;
				GCC_WARN_UNDECLARED_SELECTOR = YES;
				GCC_WARN_UNINITIALIZED_AUTOS = YES_AGGRESSIVE;
				GCC_WARN_UNUSED_FUNCTION = YES;
				GCC_WARN_UNUSED_VARIABLE = YES;
				MACOSX_DEPLOYMENT_TARGET = 10.13;
				MTL_ENABLE_DEBUG_INFO = NO;
				SDKROOT = macosx;
				SWIFT_COMPILATION_MODE = wholemodule;
				SWIFT_OPTIMIZATION_LEVEL = "-O";
			};
			name = Release;
		};
		7BFB5874210A95060082042B /* Debug */ = {
			isa = XCBuildConfiguration;
			buildSettings = {
				ALWAYS_EMBED_SWIFT_STANDARD_LIBRARIES = YES;
				ASSETCATALOG_COMPILER_APPICON_NAME = AppIcon;
				CLANG_ENABLE_MODULES = YES;
				CODE_SIGN_ENTITLEMENTS = "File Generator/File_Generator.entitlements";
				CODE_SIGN_STYLE = Automatic;
				COMBINE_HIDPI_IMAGES = YES;
				INFOPLIST_FILE = "File Generator/Info.plist";
				LD_RUNPATH_SEARCH_PATHS = (
					"$(inherited)",
					"@executable_path/../Frameworks",
				);
				PRODUCT_BUNDLE_IDENTIFIER = "team.File-Generator";
				PRODUCT_NAME = "$(TARGET_NAME)";
				SWIFT_OPTIMIZATION_LEVEL = "-Onone";
				SWIFT_VERSION = 4.0;
			};
			name = Debug;
		};
		7BFB5875210A95060082042B /* Release */ = {
			isa = XCBuildConfiguration;
			buildSettings = {
				ALWAYS_EMBED_SWIFT_STANDARD_LIBRARIES = YES;
				ASSETCATALOG_COMPILER_APPICON_NAME = AppIcon;
				CLANG_ENABLE_MODULES = YES;
				CODE_SIGN_ENTITLEMENTS = "File Generator/File_Generator.entitlements";
				CODE_SIGN_STYLE = Automatic;
				COMBINE_HIDPI_IMAGES = YES;
				INFOPLIST_FILE = "File Generator/Info.plist";
				LD_RUNPATH_SEARCH_PATHS = (
					"$(inherited)",
					"@executable_path/../Frameworks",
				);
				PRODUCT_BUNDLE_IDENTIFIER = "team.File-Generator";
				PRODUCT_NAME = "$(TARGET_NAME)";
				SWIFT_VERSION = 4.0;
			};
			name = Release;
		};
		7BFB5884210A95360082042B /* Debug */ = {
			isa = XCBuildConfiguration;
			buildSettings = {
				CLANG_ENABLE_MODULES = YES;
				CODE_SIGN_ENTITLEMENTS = "File Generator Ext/File_Generator_Ext.entitlements";
				CODE_SIGN_STYLE = Automatic;
				COMBINE_HIDPI_IMAGES = YES;
				INFOPLIST_FILE = "File Generator Ext/Info.plist";
				LD_RUNPATH_SEARCH_PATHS = (
					"$(inherited)",
					"@executable_path/../Frameworks",
					"@executable_path/../../../../Frameworks",
				);
				PRODUCT_BUNDLE_IDENTIFIER = "team.File-Generator.File-Generator-Ext";
				PRODUCT_NAME = "$(TARGET_NAME)";
				SKIP_INSTALL = YES;
				SWIFT_OPTIMIZATION_LEVEL = "-Onone";
				SWIFT_VERSION = 4.0;
			};
			name = Debug;
		};
		7BFB5885210A95360082042B /* Release */ = {
			isa = XCBuildConfiguration;
			buildSettings = {
				CLANG_ENABLE_MODULES = YES;
				CODE_SIGN_ENTITLEMENTS = "File Generator Ext/File_Generator_Ext.entitlements";
				CODE_SIGN_STYLE = Automatic;
				COMBINE_HIDPI_IMAGES = YES;
				INFOPLIST_FILE = "File Generator Ext/Info.plist";
				LD_RUNPATH_SEARCH_PATHS = (
					"$(inherited)",
					"@executable_path/../Frameworks",
					"@executable_path/../../../../Frameworks",
				);
				PRODUCT_BUNDLE_IDENTIFIER = "team.File-Generator.File-Generator-Ext";
				PRODUCT_NAME = "$(TARGET_NAME)";
				SKIP_INSTALL = YES;
				SWIFT_VERSION = 4.0;
			};
			name = Release;
		};
/* End XCBuildConfiguration section */

/* Begin XCConfigurationList section */
		7BFB585E210A94FB0082042B /* Build configuration list for PBXProject "File Generator" */ = {
			isa = XCConfigurationList;
			buildConfigurations = (
				7BFB5871210A95060082042B /* Debug */,
				7BFB5872210A95060082042B /* Release */,
			);
			defaultConfigurationIsVisible = 0;
			defaultConfigurationName = Release;
		};
		7BFB5873210A95060082042B /* Build configuration list for PBXNativeTarget "File Generator" */ = {
			isa = XCConfigurationList;
			buildConfigurations = (
				7BFB5874210A95060082042B /* Debug */,
				7BFB5875210A95060082042B /* Release */,
			);
			defaultConfigurationIsVisible = 0;
			defaultConfigurationName = Release;
		};
		7BFB5883210A95360082042B /* Build configuration list for PBXNativeTarget "File Generator Ext" */ = {
			isa = XCConfigurationList;
			buildConfigurations = (
				7BFB5884210A95360082042B /* Debug */,
				7BFB5885210A95360082042B /* Release */,
			);
			defaultConfigurationIsVisible = 0;
			defaultConfigurationName = Release;
		};
/* End XCConfigurationList section */
	};
	rootObject = 7BFB585B210A94FB0082042B /* Project object */;
}
